// !$*UTF8*$!
{
	archiveVersion = 1;
	classes = {
	};
	objectVersion = 55;
	objects = {

/* Begin PBXBuildFile section */
		140B3CF72842D957003FF134 /* AppDelegate.swift in Sources */ = {isa = PBXBuildFile; fileRef = 140B3CF62842D957003FF134 /* AppDelegate.swift */; };
		140B3CF92842D957003FF134 /* SceneDelegate.swift in Sources */ = {isa = PBXBuildFile; fileRef = 140B3CF82842D957003FF134 /* SceneDelegate.swift */; };
		140B3CFB2842D957003FF134 /* LoginViewController.swift in Sources */ = {isa = PBXBuildFile; fileRef = 140B3CFA2842D957003FF134 /* LoginViewController.swift */; };
		140B3CFE2842D957003FF134 /* Main.storyboard in Resources */ = {isa = PBXBuildFile; fileRef = 140B3CFC2842D957003FF134 /* Main.storyboard */; };
		140B3D002842D958003FF134 /* Assets.xcassets in Resources */ = {isa = PBXBuildFile; fileRef = 140B3CFF2842D958003FF134 /* Assets.xcassets */; };
		140B3D032842D958003FF134 /* LaunchScreen.storyboard in Resources */ = {isa = PBXBuildFile; fileRef = 140B3D012842D958003FF134 /* LaunchScreen.storyboard */; };
		140B3D0F2842DBE6003FF134 /* Colors.xcassets in Resources */ = {isa = PBXBuildFile; fileRef = 140B3D0E2842DBE6003FF134 /* Colors.xcassets */; };
		140B3D112842DF67003FF134 /* Colors.swift in Sources */ = {isa = PBXBuildFile; fileRef = 140B3D102842DF67003FF134 /* Colors.swift */; };
		140B3D132842DF88003FF134 /* LoginButton.swift in Sources */ = {isa = PBXBuildFile; fileRef = 140B3D122842DF88003FF134 /* LoginButton.swift */; };
		140B3D152842DFC3003FF134 /* GradientView.swift in Sources */ = {isa = PBXBuildFile; fileRef = 140B3D142842DFC3003FF134 /* GradientView.swift */; };
		140B3D172842DFEA003FF134 /* LoginTextField.swift in Sources */ = {isa = PBXBuildFile; fileRef = 140B3D162842DFEA003FF134 /* LoginTextField.swift */; };
		140B3D1B2842E600003FF134 /* TMDBClient.swift in Sources */ = {isa = PBXBuildFile; fileRef = 140B3D1A2842E600003FF134 /* TMDBClient.swift */; };
		140B3D1F2842E796003FF134 /* TMDBResponse.swift in Sources */ = {isa = PBXBuildFile; fileRef = 140B3D1E2842E796003FF134 /* TMDBResponse.swift */; };
		140B3D212842E8B5003FF134 /* TMDBTypes.swift in Sources */ = {isa = PBXBuildFile; fileRef = 140B3D202842E8B5003FF134 /* TMDBTypes.swift */; };
		140B3D232842E8EA003FF134 /* MarkFavorite.swift in Sources */ = {isa = PBXBuildFile; fileRef = 140B3D222842E8EA003FF134 /* MarkFavorite.swift */; };
		140B3D252842E936003FF134 /* MarkWatchlist.swift in Sources */ = {isa = PBXBuildFile; fileRef = 140B3D242842E936003FF134 /* MarkWatchlist.swift */; };
		140B3D272842E962003FF134 /* LoginRequest.swift in Sources */ = {isa = PBXBuildFile; fileRef = 140B3D262842E962003FF134 /* LoginRequest.swift */; };
		140B3D292842EA4D003FF134 /* LogoutRequest.swift in Sources */ = {isa = PBXBuildFile; fileRef = 140B3D282842EA4D003FF134 /* LogoutRequest.swift */; };
		140B3D2B2842EB1D003FF134 /* PostSession.swift in Sources */ = {isa = PBXBuildFile; fileRef = 140B3D2A2842EB1D003FF134 /* PostSession.swift */; };
		140B3D2D2842EB3F003FF134 /* Movie.swift in Sources */ = {isa = PBXBuildFile; fileRef = 140B3D2C2842EB3F003FF134 /* Movie.swift */; };
		140B3D2F2842EB69003FF134 /* MovieResults.swift in Sources */ = {isa = PBXBuildFile; fileRef = 140B3D2E2842EB69003FF134 /* MovieResults.swift */; };
		140B3D312842EBD5003FF134 /* RequestTokenResponse.swift in Sources */ = {isa = PBXBuildFile; fileRef = 140B3D302842EBD5003FF134 /* RequestTokenResponse.swift */; };
		140B3D332842EC23003FF134 /* SessionResponse.swift in Sources */ = {isa = PBXBuildFile; fileRef = 140B3D322842EC23003FF134 /* SessionResponse.swift */; };
		14AD3CA42842ED5A003850B1 /* MovieModel.swift in Sources */ = {isa = PBXBuildFile; fileRef = 14AD3CA32842ED5A003850B1 /* MovieModel.swift */; };
		14AD3CA62842F041003850B1 /* MovieDetailViewController.swift in Sources */ = {isa = PBXBuildFile; fileRef = 14AD3CA52842F041003850B1 /* MovieDetailViewController.swift */; };
		14AD3CA82842F0A9003850B1 /* SearchViewController.swift in Sources */ = {isa = PBXBuildFile; fileRef = 14AD3CA72842F0A9003850B1 /* SearchViewController.swift */; };
		14AD3CAA2842F0D2003850B1 /* WatchlistViewController.swift in Sources */ = {isa = PBXBuildFile; fileRef = 14AD3CA92842F0D2003850B1 /* WatchlistViewController.swift */; };
		14AD3CAC2842F146003850B1 /* FavoritesViewController.swift in Sources */ = {isa = PBXBuildFile; fileRef = 14AD3CAB2842F146003850B1 /* FavoritesViewController.swift */; };
		14AD3CAE2842F169003850B1 /* UIViewController+Extension.swift in Sources */ = {isa = PBXBuildFile; fileRef = 14AD3CAD2842F169003850B1 /* UIViewController+Extension.swift */; };
/* End PBXBuildFile section */

/* Begin PBXFileReference section */
		140B3CF32842D957003FF134 /* movie-test.app */ = {isa = PBXFileReference; explicitFileType = wrapper.application; includeInIndex = 0; path = "movie-test.app"; sourceTree = BUILT_PRODUCTS_DIR; };
		140B3CF62842D957003FF134 /* AppDelegate.swift */ = {isa = PBXFileReference; lastKnownFileType = sourcecode.swift; path = AppDelegate.swift; sourceTree = "<group>"; };
		140B3CF82842D957003FF134 /* SceneDelegate.swift */ = {isa = PBXFileReference; lastKnownFileType = sourcecode.swift; path = SceneDelegate.swift; sourceTree = "<group>"; };
		140B3CFA2842D957003FF134 /* LoginViewController.swift */ = {isa = PBXFileReference; lastKnownFileType = sourcecode.swift; path = LoginViewController.swift; sourceTree = "<group>"; };
		140B3CFD2842D957003FF134 /* Base */ = {isa = PBXFileReference; lastKnownFileType = file.storyboard; name = Base; path = Base.lproj/Main.storyboard; sourceTree = "<group>"; };
		140B3CFF2842D958003FF134 /* Assets.xcassets */ = {isa = PBXFileReference; lastKnownFileType = folder.assetcatalog; path = Assets.xcassets; sourceTree = "<group>"; };
		140B3D022842D958003FF134 /* Base */ = {isa = PBXFileReference; lastKnownFileType = file.storyboard; name = Base; path = Base.lproj/LaunchScreen.storyboard; sourceTree = "<group>"; };
		140B3D042842D958003FF134 /* Info.plist */ = {isa = PBXFileReference; lastKnownFileType = text.plist.xml; path = Info.plist; sourceTree = "<group>"; };
		140B3D0E2842DBE6003FF134 /* Colors.xcassets */ = {isa = PBXFileReference; lastKnownFileType = folder.assetcatalog; path = Colors.xcassets; sourceTree = "<group>"; };
		140B3D102842DF67003FF134 /* Colors.swift */ = {isa = PBXFileReference; lastKnownFileType = sourcecode.swift; path = Colors.swift; sourceTree = "<group>"; };
		140B3D122842DF88003FF134 /* LoginButton.swift */ = {isa = PBXFileReference; lastKnownFileType = sourcecode.swift; path = LoginButton.swift; sourceTree = "<group>"; };
		140B3D142842DFC3003FF134 /* GradientView.swift */ = {isa = PBXFileReference; lastKnownFileType = sourcecode.swift; path = GradientView.swift; sourceTree = "<group>"; };
		140B3D162842DFEA003FF134 /* LoginTextField.swift */ = {isa = PBXFileReference; lastKnownFileType = sourcecode.swift; path = LoginTextField.swift; sourceTree = "<group>"; };
		140B3D1A2842E600003FF134 /* TMDBClient.swift */ = {isa = PBXFileReference; lastKnownFileType = sourcecode.swift; path = TMDBClient.swift; sourceTree = "<group>"; };
		140B3D1E2842E796003FF134 /* TMDBResponse.swift */ = {isa = PBXFileReference; lastKnownFileType = sourcecode.swift; path = TMDBResponse.swift; sourceTree = "<group>"; };
		140B3D202842E8B5003FF134 /* TMDBTypes.swift */ = {isa = PBXFileReference; lastKnownFileType = sourcecode.swift; path = TMDBTypes.swift; sourceTree = "<group>"; };
		140B3D222842E8EA003FF134 /* MarkFavorite.swift */ = {isa = PBXFileReference; lastKnownFileType = sourcecode.swift; path = MarkFavorite.swift; sourceTree = "<group>"; };
		140B3D242842E936003FF134 /* MarkWatchlist.swift */ = {isa = PBXFileReference; lastKnownFileType = sourcecode.swift; path = MarkWatchlist.swift; sourceTree = "<group>"; };
		140B3D262842E962003FF134 /* LoginRequest.swift */ = {isa = PBXFileReference; lastKnownFileType = sourcecode.swift; path = LoginRequest.swift; sourceTree = "<group>"; };
		140B3D282842EA4D003FF134 /* LogoutRequest.swift */ = {isa = PBXFileReference; lastKnownFileType = sourcecode.swift; path = LogoutRequest.swift; sourceTree = "<group>"; };
		140B3D2A2842EB1D003FF134 /* PostSession.swift */ = {isa = PBXFileReference; lastKnownFileType = sourcecode.swift; path = PostSession.swift; sourceTree = "<group>"; };
		140B3D2C2842EB3F003FF134 /* Movie.swift */ = {isa = PBXFileReference; lastKnownFileType = sourcecode.swift; path = Movie.swift; sourceTree = "<group>"; };
		140B3D2E2842EB69003FF134 /* MovieResults.swift */ = {isa = PBXFileReference; lastKnownFileType = sourcecode.swift; path = MovieResults.swift; sourceTree = "<group>"; };
		140B3D302842EBD5003FF134 /* RequestTokenResponse.swift */ = {isa = PBXFileReference; lastKnownFileType = sourcecode.swift; path = RequestTokenResponse.swift; sourceTree = "<group>"; };
		140B3D322842EC23003FF134 /* SessionResponse.swift */ = {isa = PBXFileReference; lastKnownFileType = sourcecode.swift; path = SessionResponse.swift; sourceTree = "<group>"; };
		14AD3CA32842ED5A003850B1 /* MovieModel.swift */ = {isa = PBXFileReference; lastKnownFileType = sourcecode.swift; path = MovieModel.swift; sourceTree = "<group>"; };
		14AD3CA52842F041003850B1 /* MovieDetailViewController.swift */ = {isa = PBXFileReference; lastKnownFileType = sourcecode.swift; path = MovieDetailViewController.swift; sourceTree = "<group>"; };
		14AD3CA72842F0A9003850B1 /* SearchViewController.swift */ = {isa = PBXFileReference; lastKnownFileType = sourcecode.swift; path = SearchViewController.swift; sourceTree = "<group>"; };
		14AD3CA92842F0D2003850B1 /* WatchlistViewController.swift */ = {isa = PBXFileReference; lastKnownFileType = sourcecode.swift; path = WatchlistViewController.swift; sourceTree = "<group>"; };
		14AD3CAB2842F146003850B1 /* FavoritesViewController.swift */ = {isa = PBXFileReference; lastKnownFileType = sourcecode.swift; path = FavoritesViewController.swift; sourceTree = "<group>"; };
		14AD3CAD2842F169003850B1 /* UIViewController+Extension.swift */ = {isa = PBXFileReference; lastKnownFileType = sourcecode.swift; path = "UIViewController+Extension.swift"; sourceTree = "<group>"; };
/* End PBXFileReference section */

/* Begin PBXFrameworksBuildPhase section */
		140B3CF02842D957003FF134 /* Frameworks */ = {
			isa = PBXFrameworksBuildPhase;
			buildActionMask = 2147483647;
			files = (
			);
			runOnlyForDeploymentPostprocessing = 0;
		};
/* End PBXFrameworksBuildPhase section */

/* Begin PBXGroup section */
		140B3CEA2842D957003FF134 = {
			isa = PBXGroup;
			children = (
				140B3CF52842D957003FF134 /* movie-test */,
				140B3CF42842D957003FF134 /* Products */,
			);
			sourceTree = "<group>";
		};
		140B3CF42842D957003FF134 /* Products */ = {
			isa = PBXGroup;
			children = (
				140B3CF32842D957003FF134 /* movie-test.app */,
			);
			name = Products;
			sourceTree = "<group>";
		};
		140B3CF52842D957003FF134 /* movie-test */ = {
			isa = PBXGroup;
			children = (
				140B3CF62842D957003FF134 /* AppDelegate.swift */,
				140B3CF82842D957003FF134 /* SceneDelegate.swift */,
				140B3D042842D958003FF134 /* Info.plist */,
				140B3D0A2842D9CC003FF134 /* Model */,
				140B3D0C2842D9EA003FF134 /* Controller */,
				140B3D0B2842D9D6003FF134 /* View */,
				140B3D0D2842DA1A003FF134 /* Assets */,
			);
			path = "movie-test";
			sourceTree = "<group>";
		};
		140B3D0A2842D9CC003FF134 /* Model */ = {
			isa = PBXGroup;
			children = (
				140B3D182842E593003FF134 /* Data */,
				140B3D192842E5C1003FF134 /* TMDB Client */,
				140B3D1D2842E726003FF134 /* TMDB Requests */,
				140B3D1C2842E645003FF134 /* TMDB Responses */,
			);
			path = Model;
			sourceTree = "<group>";
		};
		140B3D0B2842D9D6003FF134 /* View */ = {
			isa = PBXGroup;
			children = (
				140B3D102842DF67003FF134 /* Colors.swift */,
				140B3D122842DF88003FF134 /* LoginButton.swift */,
				140B3D142842DFC3003FF134 /* GradientView.swift */,
				140B3D162842DFEA003FF134 /* LoginTextField.swift */,
			);
			path = View;
			sourceTree = "<group>";
		};
		140B3D0C2842D9EA003FF134 /* Controller */ = {
			isa = PBXGroup;
			children = (
				140B3CFA2842D957003FF134 /* LoginViewController.swift */,
				14AD3CA52842F041003850B1 /* MovieDetailViewController.swift */,
				14AD3CA72842F0A9003850B1 /* SearchViewController.swift */,
				14AD3CA92842F0D2003850B1 /* WatchlistViewController.swift */,
				14AD3CAB2842F146003850B1 /* FavoritesViewController.swift */,
				14AD3CAD2842F169003850B1 /* UIViewController+Extension.swift */,
			);
			path = Controller;
			sourceTree = "<group>";
		};
		140B3D0D2842DA1A003FF134 /* Assets */ = {
			isa = PBXGroup;
			children = (
				140B3CFC2842D957003FF134 /* Main.storyboard */,
				140B3D012842D958003FF134 /* LaunchScreen.storyboard */,
				140B3CFF2842D958003FF134 /* Assets.xcassets */,
				140B3D0E2842DBE6003FF134 /* Colors.xcassets */,
			);
			path = Assets;
			sourceTree = "<group>";
		};
		140B3D182842E593003FF134 /* Data */ = {
			isa = PBXGroup;
			children = (
				14AD3CA32842ED5A003850B1 /* MovieModel.swift */,
			);
			path = Data;
			sourceTree = "<group>";
		};
		140B3D192842E5C1003FF134 /* TMDB Client */ = {
			isa = PBXGroup;
			children = (
				140B3D1A2842E600003FF134 /* TMDBClient.swift */,
				140B3D202842E8B5003FF134 /* TMDBTypes.swift */,
			);
			path = "TMDB Client";
			sourceTree = "<group>";
		};
		140B3D1C2842E645003FF134 /* TMDB Responses */ = {
			isa = PBXGroup;
			children = (
				140B3D1E2842E796003FF134 /* TMDBResponse.swift */,
				140B3D2C2842EB3F003FF134 /* Movie.swift */,
				140B3D2E2842EB69003FF134 /* MovieResults.swift */,
				140B3D302842EBD5003FF134 /* RequestTokenResponse.swift */,
				140B3D322842EC23003FF134 /* SessionResponse.swift */,
			);
			path = "TMDB Responses";
			sourceTree = "<group>";
		};
		140B3D1D2842E726003FF134 /* TMDB Requests */ = {
			isa = PBXGroup;
			children = (
				140B3D222842E8EA003FF134 /* MarkFavorite.swift */,
				140B3D242842E936003FF134 /* MarkWatchlist.swift */,
				140B3D262842E962003FF134 /* LoginRequest.swift */,
				140B3D282842EA4D003FF134 /* LogoutRequest.swift */,
				140B3D2A2842EB1D003FF134 /* PostSession.swift */,
			);
			path = "TMDB Requests";
			sourceTree = "<group>";
		};
/* End PBXGroup section */

/* Begin PBXNativeTarget section */
		140B3CF22842D957003FF134 /* movie-test */ = {
			isa = PBXNativeTarget;
			buildConfigurationList = 140B3D072842D958003FF134 /* Build configuration list for PBXNativeTarget "movie-test" */;
			buildPhases = (
				140B3CEF2842D957003FF134 /* Sources */,
				140B3CF02842D957003FF134 /* Frameworks */,
				140B3CF12842D957003FF134 /* Resources */,
			);
			buildRules = (
			);
			dependencies = (
			);
			name = "movie-test";
			productName = "movie-test";
			productReference = 140B3CF32842D957003FF134 /* movie-test.app */;
			productType = "com.apple.product-type.application";
		};
/* End PBXNativeTarget section */

/* Begin PBXProject section */
		140B3CEB2842D957003FF134 /* Project object */ = {
			isa = PBXProject;
			attributes = {
				BuildIndependentTargetsInParallel = 1;
				LastSwiftUpdateCheck = 1340;
				LastUpgradeCheck = 1340;
				TargetAttributes = {
					140B3CF22842D957003FF134 = {
						CreatedOnToolsVersion = 13.4;
					};
				};
			};
			buildConfigurationList = 140B3CEE2842D957003FF134 /* Build configuration list for PBXProject "movie-test" */;
			compatibilityVersion = "Xcode 13.0";
			developmentRegion = en;
			hasScannedForEncodings = 0;
			knownRegions = (
				en,
				Base,
			);
			mainGroup = 140B3CEA2842D957003FF134;
			productRefGroup = 140B3CF42842D957003FF134 /* Products */;
			projectDirPath = "";
			projectRoot = "";
			targets = (
				140B3CF22842D957003FF134 /* movie-test */,
			);
		};
/* End PBXProject section */

/* Begin PBXResourcesBuildPhase section */
		140B3CF12842D957003FF134 /* Resources */ = {
			isa = PBXResourcesBuildPhase;
			buildActionMask = 2147483647;
			files = (
				140B3D032842D958003FF134 /* LaunchScreen.storyboard in Resources */,
				140B3D0F2842DBE6003FF134 /* Colors.xcassets in Resources */,
				140B3D002842D958003FF134 /* Assets.xcassets in Resources */,
				140B3CFE2842D957003FF134 /* Main.storyboard in Resources */,
			);
			runOnlyForDeploymentPostprocessing = 0;
		};
/* End PBXResourcesBuildPhase section */

/* Begin PBXSourcesBuildPhase section */
		140B3CEF2842D957003FF134 /* Sources */ = {
			isa = PBXSourcesBuildPhase;
			buildActionMask = 2147483647;
			files = (
				14AD3CAE2842F169003850B1 /* UIViewController+Extension.swift in Sources */,
				140B3D132842DF88003FF134 /* LoginButton.swift in Sources */,
				140B3D252842E936003FF134 /* MarkWatchlist.swift in Sources */,
				140B3D1F2842E796003FF134 /* TMDBResponse.swift in Sources */,
				140B3D1B2842E600003FF134 /* TMDBClient.swift in Sources */,
				140B3CFB2842D957003FF134 /* LoginViewController.swift in Sources */,
				14AD3CA42842ED5A003850B1 /* MovieModel.swift in Sources */,
				14AD3CAA2842F0D2003850B1 /* WatchlistViewController.swift in Sources */,
				140B3D2D2842EB3F003FF134 /* Movie.swift in Sources */,
				140B3D152842DFC3003FF134 /* GradientView.swift in Sources */,
				140B3D312842EBD5003FF134 /* RequestTokenResponse.swift in Sources */,
				14AD3CA82842F0A9003850B1 /* SearchViewController.swift in Sources */,
				140B3D172842DFEA003FF134 /* LoginTextField.swift in Sources */,
				140B3D112842DF67003FF134 /* Colors.swift in Sources */,
				14AD3CAC2842F146003850B1 /* FavoritesViewController.swift in Sources */,
				140B3CF72842D957003FF134 /* AppDelegate.swift in Sources */,
				140B3D292842EA4D003FF134 /* LogoutRequest.swift in Sources */,
				140B3D2F2842EB69003FF134 /* MovieResults.swift in Sources */,
				140B3D2B2842EB1D003FF134 /* PostSession.swift in Sources */,
				140B3D212842E8B5003FF134 /* TMDBTypes.swift in Sources */,
				14AD3CA62842F041003850B1 /* MovieDetailViewController.swift in Sources */,
				140B3D272842E962003FF134 /* LoginRequest.swift in Sources */,
				140B3D232842E8EA003FF134 /* MarkFavorite.swift in Sources */,
				140B3D332842EC23003FF134 /* SessionResponse.swift in Sources */,
				140B3CF92842D957003FF134 /* SceneDelegate.swift in Sources */,
			);
			runOnlyForDeploymentPostprocessing = 0;
		};
/* End PBXSourcesBuildPhase section */

/* Begin PBXVariantGroup section */
		140B3CFC2842D957003FF134 /* Main.storyboard */ = {
			isa = PBXVariantGroup;
			children = (
				140B3CFD2842D957003FF134 /* Base */,
			);
			name = Main.storyboard;
			sourceTree = "<group>";
		};
		140B3D012842D958003FF134 /* LaunchScreen.storyboard */ = {
			isa = PBXVariantGroup;
			children = (
				140B3D022842D958003FF134 /* Base */,
			);
			name = LaunchScreen.storyboard;
			sourceTree = "<group>";
		};
/* End PBXVariantGroup section */

/* Begin XCBuildConfiguration section */
		140B3D052842D958003FF134 /* Debug */ = {
			isa = XCBuildConfiguration;
			buildSettings = {
				ALWAYS_SEARCH_USER_PATHS = NO;
				CLANG_ANALYZER_NONNULL = YES;
				CLANG_ANALYZER_NUMBER_OBJECT_CONVERSION = YES_AGGRESSIVE;
				CLANG_CXX_LANGUAGE_STANDARD = "gnu++17";
				CLANG_ENABLE_MODULES = YES;
				CLANG_ENABLE_OBJC_ARC = YES;
				CLANG_ENABLE_OBJC_WEAK = YES;
				CLANG_WARN_BLOCK_CAPTURE_AUTORELEASING = YES;
				CLANG_WARN_BOOL_CONVERSION = YES;
				CLANG_WARN_COMMA = YES;
				CLANG_WARN_CONSTANT_CONVERSION = YES;
				CLANG_WARN_DEPRECATED_OBJC_IMPLEMENTATIONS = YES;
				CLANG_WARN_DIRECT_OBJC_ISA_USAGE = YES_ERROR;
				CLANG_WARN_DOCUMENTATION_COMMENTS = YES;
				CLANG_WARN_EMPTY_BODY = YES;
				CLANG_WARN_ENUM_CONVERSION = YES;
				CLANG_WARN_INFINITE_RECURSION = YES;
				CLANG_WARN_INT_CONVERSION = YES;
				CLANG_WARN_NON_LITERAL_NULL_CONVERSION = YES;
				CLANG_WARN_OBJC_IMPLICIT_RETAIN_SELF = YES;
				CLANG_WARN_OBJC_LITERAL_CONVERSION = YES;
				CLANG_WARN_OBJC_ROOT_CLASS = YES_ERROR;
				CLANG_WARN_QUOTED_INCLUDE_IN_FRAMEWORK_HEADER = YES;
				CLANG_WARN_RANGE_LOOP_ANALYSIS = YES;
				CLANG_WARN_STRICT_PROTOTYPES = YES;
				CLANG_WARN_SUSPICIOUS_MOVE = YES;
				CLANG_WARN_UNGUARDED_AVAILABILITY = YES_AGGRESSIVE;
				CLANG_WARN_UNREACHABLE_CODE = YES;
				CLANG_WARN__DUPLICATE_METHOD_MATCH = YES;
				COPY_PHASE_STRIP = NO;
				DEBUG_INFORMATION_FORMAT = dwarf;
				ENABLE_STRICT_OBJC_MSGSEND = YES;
				ENABLE_TESTABILITY = YES;
				GCC_C_LANGUAGE_STANDARD = gnu11;
				GCC_DYNAMIC_NO_PIC = NO;
				GCC_NO_COMMON_BLOCKS = YES;
				GCC_OPTIMIZATION_LEVEL = 0;
				GCC_PREPROCESSOR_DEFINITIONS = (
					"DEBUG=1",
					"$(inherited)",
				);
				GCC_WARN_64_TO_32_BIT_CONVERSION = YES;
				GCC_WARN_ABOUT_RETURN_TYPE = YES_ERROR;
				GCC_WARN_UNDECLARED_SELECTOR = YES;
				GCC_WARN_UNINITIALIZED_AUTOS = YES_AGGRESSIVE;
				GCC_WARN_UNUSED_FUNCTION = YES;
				GCC_WARN_UNUSED_VARIABLE = YES;
				IPHONEOS_DEPLOYMENT_TARGET = 15.5;
				MTL_ENABLE_DEBUG_INFO = INCLUDE_SOURCE;
				MTL_FAST_MATH = YES;
				ONLY_ACTIVE_ARCH = YES;
				SDKROOT = iphoneos;
				SWIFT_ACTIVE_COMPILATION_CONDITIONS = DEBUG;
				SWIFT_OPTIMIZATION_LEVEL = "-Onone";
			};
			name = Debug;
		};
		140B3D062842D958003FF134 /* Release */ = {
			isa = XCBuildConfiguration;
			buildSettings = {
				ALWAYS_SEARCH_USER_PATHS = NO;
				CLANG_ANALYZER_NONNULL = YES;
				CLANG_ANALYZER_NUMBER_OBJECT_CONVERSION = YES_AGGRESSIVE;
				CLANG_CXX_LANGUAGE_STANDARD = "gnu++17";
				CLANG_ENABLE_MODULES = YES;
				CLANG_ENABLE_OBJC_ARC = YES;
				CLANG_ENABLE_OBJC_WEAK = YES;
				CLANG_WARN_BLOCK_CAPTURE_AUTORELEASING = YES;
				CLANG_WARN_BOOL_CONVERSION = YES;
				CLANG_WARN_COMMA = YES;
				CLANG_WARN_CONSTANT_CONVERSION = YES;
				CLANG_WARN_DEPRECATED_OBJC_IMPLEMENTATIONS = YES;
				CLANG_WARN_DIRECT_OBJC_ISA_USAGE = YES_ERROR;
				CLANG_WARN_DOCUMENTATION_COMMENTS = YES;
				CLANG_WARN_EMPTY_BODY = YES;
				CLANG_WARN_ENUM_CONVERSION = YES;
				CLANG_WARN_INFINITE_RECURSION = YES;
				CLANG_WARN_INT_CONVERSION = YES;
				CLANG_WARN_NON_LITERAL_NULL_CONVERSION = YES;
				CLANG_WARN_OBJC_IMPLICIT_RETAIN_SELF = YES;
				CLANG_WARN_OBJC_LITERAL_CONVERSION = YES;
				CLANG_WARN_OBJC_ROOT_CLASS = YES_ERROR;
				CLANG_WARN_QUOTED_INCLUDE_IN_FRAMEWORK_HEADER = YES;
				CLANG_WARN_RANGE_LOOP_ANALYSIS = YES;
				CLANG_WARN_STRICT_PROTOTYPES = YES;
				CLANG_WARN_SUSPICIOUS_MOVE = YES;
				CLANG_WARN_UNGUARDED_AVAILABILITY = YES_AGGRESSIVE;
				CLANG_WARN_UNREACHABLE_CODE = YES;
				CLANG_WARN__DUPLICATE_METHOD_MATCH = YES;
				COPY_PHASE_STRIP = NO;
				DEBUG_INFORMATION_FORMAT = "dwarf-with-dsym";
				ENABLE_NS_ASSERTIONS = NO;
				ENABLE_STRICT_OBJC_MSGSEND = YES;
				GCC_C_LANGUAGE_STANDARD = gnu11;
				GCC_NO_COMMON_BLOCKS = YES;
				GCC_WARN_64_TO_32_BIT_CONVERSION = YES;
				GCC_WARN_ABOUT_RETURN_TYPE = YES_ERROR;
				GCC_WARN_UNDECLARED_SELECTOR = YES;
				GCC_WARN_UNINITIALIZED_AUTOS = YES_AGGRESSIVE;
				GCC_WARN_UNUSED_FUNCTION = YES;
				GCC_WARN_UNUSED_VARIABLE = YES;
				IPHONEOS_DEPLOYMENT_TARGET = 15.5;
				MTL_ENABLE_DEBUG_INFO = NO;
				MTL_FAST_MATH = YES;
				SDKROOT = iphoneos;
				SWIFT_COMPILATION_MODE = wholemodule;
				SWIFT_OPTIMIZATION_LEVEL = "-O";
				VALIDATE_PRODUCT = YES;
			};
			name = Release;
		};
		140B3D082842D958003FF134 /* Debug */ = {
			isa = XCBuildConfiguration;
			buildSettings = {
				ASSETCATALOG_COMPILER_APPICON_NAME = AppIcon;
				ASSETCATALOG_COMPILER_GLOBAL_ACCENT_COLOR_NAME = AccentColor;
				CODE_SIGN_STYLE = Automatic;
				CURRENT_PROJECT_VERSION = 1;
				GENERATE_INFOPLIST_FILE = YES;
				INFOPLIST_FILE = "movie-test/Info.plist";
				INFOPLIST_KEY_UIApplicationSupportsIndirectInputEvents = YES;
				INFOPLIST_KEY_UILaunchStoryboardName = LaunchScreen;
				INFOPLIST_KEY_UIMainStoryboardFile = Main;
				INFOPLIST_KEY_UISupportedInterfaceOrientations_iPad = "UIInterfaceOrientationPortrait UIInterfaceOrientationPortraitUpsideDown UIInterfaceOrientationLandscapeLeft UIInterfaceOrientationLandscapeRight";
				INFOPLIST_KEY_UISupportedInterfaceOrientations_iPhone = "UIInterfaceOrientationPortrait UIInterfaceOrientationLandscapeLeft UIInterfaceOrientationLandscapeRight";
				LD_RUNPATH_SEARCH_PATHS = (
					"$(inherited)",
					"@executable_path/Frameworks",
				);
				MARKETING_VERSION = 1.0;
				PRODUCT_BUNDLE_IDENTIFIER = "com.dfvalenciav.movie-test";
				PRODUCT_NAME = "$(TARGET_NAME)";
				SWIFT_EMIT_LOC_STRINGS = YES;
				SWIFT_VERSION = 5.0;
				TARGETED_DEVICE_FAMILY = "1,2";
			};
			name = Debug;
		};
		140B3D092842D958003FF134 /* Release */ = {
			isa = XCBuildConfiguration;
			buildSettings = {
				ASSETCATALOG_COMPILER_APPICON_NAME = AppIcon;
				ASSETCATALOG_COMPILER_GLOBAL_ACCENT_COLOR_NAME = AccentColor;
				CODE_SIGN_STYLE = Automatic;
				CURRENT_PROJECT_VERSION = 1;
				GENERATE_INFOPLIST_FILE = YES;
				INFOPLIST_FILE = "movie-test/Info.plist";
				INFOPLIST_KEY_UIApplicationSupportsIndirectInputEvents = YES;
				INFOPLIST_KEY_UILaunchStoryboardName = LaunchScreen;
				INFOPLIST_KEY_UIMainStoryboardFile = Main;
				INFOPLIST_KEY_UISupportedInterfaceOrientations_iPad = "UIInterfaceOrientationPortrait UIInterfaceOrientationPortraitUpsideDown UIInterfaceOrientationLandscapeLeft UIInterfaceOrientationLandscapeRight";
				INFOPLIST_KEY_UISupportedInterfaceOrientations_iPhone = "UIInterfaceOrientationPortrait UIInterfaceOrientationLandscapeLeft UIInterfaceOrientationLandscapeRight";
				LD_RUNPATH_SEARCH_PATHS = (
					"$(inherited)",
					"@executable_path/Frameworks",
				);
				MARKETING_VERSION = 1.0;
				PRODUCT_BUNDLE_IDENTIFIER = "com.dfvalenciav.movie-test";
				PRODUCT_NAME = "$(TARGET_NAME)";
				SWIFT_EMIT_LOC_STRINGS = YES;
				SWIFT_VERSION = 5.0;
				TARGETED_DEVICE_FAMILY = "1,2";
			};
			name = Release;
		};
/* End XCBuildConfiguration section */

/* Begin XCConfigurationList section */
		140B3CEE2842D957003FF134 /* Build configuration list for PBXProject "movie-test" */ = {
			isa = XCConfigurationList;
			buildConfigurations = (
				140B3D052842D958003FF134 /* Debug */,
				140B3D062842D958003FF134 /* Release */,
			);
			defaultConfigurationIsVisible = 0;
			defaultConfigurationName = Release;
		};
		140B3D072842D958003FF134 /* Build configuration list for PBXNativeTarget "movie-test" */ = {
			isa = XCConfigurationList;
			buildConfigurations = (
				140B3D082842D958003FF134 /* Debug */,
				140B3D092842D958003FF134 /* Release */,
			);
			defaultConfigurationIsVisible = 0;
			defaultConfigurationName = Release;
		};
/* End XCConfigurationList section */
	};
	rootObject = 140B3CEB2842D957003FF134 /* Project object */;
}
